// !$*UTF8*$!
{
	archiveVersion = 1;
	classes = {
	};
	objectVersion = 55;
	objects = {

/* Begin PBXBuildFile section */
		651C8C58277A3EC200D491A0 /* Notifications.swift in Sources */ = {isa = PBXBuildFile; fileRef = 651C8C57277A3EC200D491A0 /* Notifications.swift */; };
		651C8C5A277A460900D491A0 /* TitleFormatting.swift in Sources */ = {isa = PBXBuildFile; fileRef = 651C8C59277A460900D491A0 /* TitleFormatting.swift */; };
		652039EF2789EAFD0027A7E3 /* ActionHandler.swift in Sources */ = {isa = PBXBuildFile; fileRef = 652039EE2789EAFD0027A7E3 /* ActionHandler.swift */; };
		652039FA2789F4850027A7E3 /* OpenSans-Regular.ttf in Resources */ = {isa = PBXBuildFile; fileRef = 652039F92789F4850027A7E3 /* OpenSans-Regular.ttf */; };
		65238A0227DBA5C9007320EC /* FontHandler.swift in Sources */ = {isa = PBXBuildFile; fileRef = 65238A0127DBA5C9007320EC /* FontHandler.swift */; };
		65621BBE2743070C00DE62C3 /* OPMLHandler.swift in Sources */ = {isa = PBXBuildFile; fileRef = 65621BBB2743070C00DE62C3 /* OPMLHandler.swift */; };
		658103B827304E2F00974AAF /* AppDelegate.swift in Sources */ = {isa = PBXBuildFile; fileRef = 658103B727304E2F00974AAF /* AppDelegate.swift */; };
		658103BA27304E2F00974AAF /* ViewController.swift in Sources */ = {isa = PBXBuildFile; fileRef = 658103B927304E2F00974AAF /* ViewController.swift */; };
		658103BC27304E3100974AAF /* Assets.xcassets in Resources */ = {isa = PBXBuildFile; fileRef = 658103BB27304E3100974AAF /* Assets.xcassets */; };
		658103CA27304E8800974AAF /* ParserBase.swift in Sources */ = {isa = PBXBuildFile; fileRef = 658103C627304E8700974AAF /* ParserBase.swift */; };
		658103F72730546900974AAF /* Main.storyboard in Resources */ = {isa = PBXBuildFile; fileRef = 658103F52730546900974AAF /* Main.storyboard */; };
		659E4E4527810EED002BBC6F /* ImageHandler.swift in Sources */ = {isa = PBXBuildFile; fileRef = 659E4E4427810EED002BBC6F /* ImageHandler.swift */; };
		659E4E47278121EB002BBC6F /* Article.swift in Sources */ = {isa = PBXBuildFile; fileRef = 659E4E46278121EB002BBC6F /* Article.swift */; };
		65B36E5E27B16771004EDD5A /* FileHandler.swift in Sources */ = {isa = PBXBuildFile; fileRef = 65B36E5D27B16771004EDD5A /* FileHandler.swift */; };
		65DD272327333DD10057E47F /* RSSFeed.swift in Sources */ = {isa = PBXBuildFile; fileRef = 65DD270027333B540057E47F /* RSSFeed.swift */; };
		65DD272527333DD10057E47F /* RSSItem.swift in Sources */ = {isa = PBXBuildFile; fileRef = 65DD270127333B540057E47F /* RSSItem.swift */; };
		65FE3B83273B56FA00F8FF74 /* AlamofireRSSParser.swift in Sources */ = {isa = PBXBuildFile; fileRef = 65FE3B81273B56FA00F8FF74 /* AlamofireRSSParser.swift */; };
		DA461FE62921439200E53008 /* Alamofire in Frameworks */ = {isa = PBXBuildFile; productRef = DA461FE52921439200E53008 /* Alamofire */; };
		DA461FE9292143EE00E53008 /* FaviconFinder in Frameworks */ = {isa = PBXBuildFile; productRef = DA461FE8292143EE00E53008 /* FaviconFinder */; };
		DAF3A6232961F52400D11F18 /* HelperFunc.swift in Sources */ = {isa = PBXBuildFile; fileRef = DAF3A6222961F52400D11F18 /* HelperFunc.swift */; };
/* End PBXBuildFile section */

/* Begin PBXCopyFilesBuildPhase section */
		659E4E3F2780FEC8002BBC6F /* Embed App Extensions */ = {
			isa = PBXCopyFilesBuildPhase;
			buildActionMask = 2147483647;
			dstPath = "";
			dstSubfolderSpec = 13;
			files = (
			);
			name = "Embed App Extensions";
			runOnlyForDeploymentPostprocessing = 0;
		};
		65DD2732273341870057E47F /* Embed Frameworks */ = {
			isa = PBXCopyFilesBuildPhase;
			buildActionMask = 2147483647;
			dstPath = "";
			dstSubfolderSpec = 10;
			files = (
			);
			name = "Embed Frameworks";
			runOnlyForDeploymentPostprocessing = 0;
		};
/* End PBXCopyFilesBuildPhase section */

/* Begin PBXFileReference section */
		651C8C57277A3EC200D491A0 /* Notifications.swift */ = {isa = PBXFileReference; lastKnownFileType = sourcecode.swift; path = Notifications.swift; sourceTree = "<group>"; };
		651C8C59277A460900D491A0 /* TitleFormatting.swift */ = {isa = PBXFileReference; lastKnownFileType = sourcecode.swift; path = TitleFormatting.swift; sourceTree = "<group>"; };
		652039ED2789EAA00027A7E3 /* RSS-Notifier.app */ = {isa = PBXFileReference; explicitFileType = wrapper.application; includeInIndex = 0; path = "RSS-Notifier.app"; sourceTree = BUILT_PRODUCTS_DIR; };
		652039EE2789EAFD0027A7E3 /* ActionHandler.swift */ = {isa = PBXFileReference; fileEncoding = 4; lastKnownFileType = sourcecode.swift; path = ActionHandler.swift; sourceTree = "<group>"; };
		652039F42789EDB70027A7E3 /* Info.plist */ = {isa = PBXFileReference; lastKnownFileType = text.plist; path = Info.plist; sourceTree = "<group>"; };
		652039F92789F4850027A7E3 /* OpenSans-Regular.ttf */ = {isa = PBXFileReference; lastKnownFileType = file; path = "OpenSans-Regular.ttf"; sourceTree = "<group>"; };
		65238A0127DBA5C9007320EC /* FontHandler.swift */ = {isa = PBXFileReference; lastKnownFileType = sourcecode.swift; path = FontHandler.swift; sourceTree = "<group>"; };
		65621BBB2743070C00DE62C3 /* OPMLHandler.swift */ = {isa = PBXFileReference; fileEncoding = 4; lastKnownFileType = sourcecode.swift; path = OPMLHandler.swift; sourceTree = "<group>"; };
		658103B727304E2F00974AAF /* AppDelegate.swift */ = {isa = PBXFileReference; lastKnownFileType = sourcecode.swift; path = AppDelegate.swift; sourceTree = "<group>"; };
		658103B927304E2F00974AAF /* ViewController.swift */ = {isa = PBXFileReference; lastKnownFileType = sourcecode.swift; path = ViewController.swift; sourceTree = "<group>"; };
		658103BB27304E3100974AAF /* Assets.xcassets */ = {isa = PBXFileReference; lastKnownFileType = folder.assetcatalog; path = Assets.xcassets; sourceTree = "<group>"; };
		658103C027304E3100974AAF /* RSS_Notifier.entitlements */ = {isa = PBXFileReference; lastKnownFileType = text.plist.entitlements; path = RSS_Notifier.entitlements; sourceTree = "<group>"; };
		658103C627304E8700974AAF /* ParserBase.swift */ = {isa = PBXFileReference; fileEncoding = 4; lastKnownFileType = sourcecode.swift; path = ParserBase.swift; sourceTree = "<group>"; };
		658103F62730546900974AAF /* Base */ = {isa = PBXFileReference; lastKnownFileType = file.storyboard; name = Base; path = Base.lproj/Main.storyboard; sourceTree = "<group>"; };
		659E4E4427810EED002BBC6F /* ImageHandler.swift */ = {isa = PBXFileReference; lastKnownFileType = sourcecode.swift; path = ImageHandler.swift; sourceTree = "<group>"; };
		659E4E46278121EB002BBC6F /* Article.swift */ = {isa = PBXFileReference; lastKnownFileType = sourcecode.swift; path = Article.swift; sourceTree = "<group>"; };
		65B36E5D27B16771004EDD5A /* FileHandler.swift */ = {isa = PBXFileReference; lastKnownFileType = sourcecode.swift; path = FileHandler.swift; sourceTree = "<group>"; };
		65DD270027333B540057E47F /* RSSFeed.swift */ = {isa = PBXFileReference; lastKnownFileType = sourcecode.swift; path = RSSFeed.swift; sourceTree = "<group>"; };
		65DD270127333B540057E47F /* RSSItem.swift */ = {isa = PBXFileReference; lastKnownFileType = sourcecode.swift; path = RSSItem.swift; sourceTree = "<group>"; };
		65FE3B81273B56FA00F8FF74 /* AlamofireRSSParser.swift */ = {isa = PBXFileReference; fileEncoding = 4; lastKnownFileType = sourcecode.swift; path = AlamofireRSSParser.swift; sourceTree = "<group>"; };
		65FE3B82273B56FA00F8FF74 /* AlamofireRSSParser.h */ = {isa = PBXFileReference; fileEncoding = 4; lastKnownFileType = sourcecode.c.h; path = AlamofireRSSParser.h; sourceTree = "<group>"; };
		DAF3A6222961F52400D11F18 /* HelperFunc.swift */ = {isa = PBXFileReference; lastKnownFileType = sourcecode.swift; path = HelperFunc.swift; sourceTree = "<group>"; };
/* End PBXFileReference section */

/* Begin PBXFrameworksBuildPhase section */
		658103B127304E2F00974AAF /* Frameworks */ = {
			isa = PBXFrameworksBuildPhase;
			buildActionMask = 2147483647;
			files = (
				DA461FE62921439200E53008 /* Alamofire in Frameworks */,
				DA461FE9292143EE00E53008 /* FaviconFinder in Frameworks */,
			);
			runOnlyForDeploymentPostprocessing = 0;
		};
/* End PBXFrameworksBuildPhase section */

/* Begin PBXGroup section */
		658103AB27304E2F00974AAF = {
			isa = PBXGroup;
			children = (
				658103B627304E2F00974AAF /* RSS-Notifier */,
				65DD272F273341870057E47F /* Frameworks */,
				652039ED2789EAA00027A7E3 /* RSS-Notifier.app */,
			);
			sourceTree = "<group>";
		};
		658103B627304E2F00974AAF /* RSS-Notifier */ = {
			isa = PBXGroup;
			children = (
				DAF3A61E2961F1E200D11F18 /* Models */,
				652039F42789EDB70027A7E3 /* Info.plist */,
				658103B727304E2F00974AAF /* AppDelegate.swift */,
				652039EE2789EAFD0027A7E3 /* ActionHandler.swift */,
				658103BB27304E3100974AAF /* Assets.xcassets */,
				652039F92789F4850027A7E3 /* OpenSans-Regular.ttf */,
				658103F52730546900974AAF /* Main.storyboard */,
				651C8C57277A3EC200D491A0 /* Notifications.swift */,
				658103C027304E3100974AAF /* RSS_Notifier.entitlements */,
				658103B927304E2F00974AAF /* ViewController.swift */,
				DAF3A6222961F52400D11F18 /* HelperFunc.swift */,
			);
			path = "RSS-Notifier";
			sourceTree = "<group>";
		};
		65DD272F273341870057E47F /* Frameworks */ = {
			isa = PBXGroup;
			children = (
			);
			name = Frameworks;
			sourceTree = "<group>";
		};
		DAF3A61E2961F1E200D11F18 /* Models */ = {
			isa = PBXGroup;
			children = (
				DAF3A6212961F22C00D11F18 /* InputOutput */,
				DAF3A6202961F20C00D11F18 /* Parsing */,
				DAF3A61F2961F1E700D11F18 /* Articles */,
			);
			path = Models;
			sourceTree = "<group>";
		};
		DAF3A61F2961F1E700D11F18 /* Articles */ = {
			isa = PBXGroup;
			children = (
				659E4E46278121EB002BBC6F /* Article.swift */,
				65238A0127DBA5C9007320EC /* FontHandler.swift */,
				651C8C59277A460900D491A0 /* TitleFormatting.swift */,
			);
			path = Articles;
			sourceTree = "<group>";
		};
		DAF3A6202961F20C00D11F18 /* Parsing */ = {
			isa = PBXGroup;
			children = (
				65FE3B82273B56FA00F8FF74 /* AlamofireRSSParser.h */,
				65FE3B81273B56FA00F8FF74 /* AlamofireRSSParser.swift */,
				65621BBB2743070C00DE62C3 /* OPMLHandler.swift */,
				658103C627304E8700974AAF /* ParserBase.swift */,
				65DD270027333B540057E47F /* RSSFeed.swift */,
				65DD270127333B540057E47F /* RSSItem.swift */,
			);
			path = Parsing;
			sourceTree = "<group>";
		};
		DAF3A6212961F22C00D11F18 /* InputOutput */ = {
			isa = PBXGroup;
			children = (
				65B36E5D27B16771004EDD5A /* FileHandler.swift */,
				659E4E4427810EED002BBC6F /* ImageHandler.swift */,
			);
			path = InputOutput;
			sourceTree = "<group>";
		};
/* End PBXGroup section */

/* Begin PBXNativeTarget section */
		658103B327304E2F00974AAF /* RSS-Notifier */ = {
			isa = PBXNativeTarget;
			buildConfigurationList = 658103C327304E3100974AAF /* Build configuration list for PBXNativeTarget "RSS-Notifier" */;
			buildPhases = (
				658103B027304E2F00974AAF /* Sources */,
				658103B127304E2F00974AAF /* Frameworks */,
				658103B227304E2F00974AAF /* Resources */,
				65DD2732273341870057E47F /* Embed Frameworks */,
				659E4E3F2780FEC8002BBC6F /* Embed App Extensions */,
			);
			buildRules = (
			);
			dependencies = (
			);
			name = "RSS-Notifier";
			packageProductDependencies = (
				DA461FE52921439200E53008 /* Alamofire */,
				DA461FE8292143EE00E53008 /* FaviconFinder */,
			);
			productName = "RSS-Notifier";
			productReference = 652039ED2789EAA00027A7E3 /* RSS-Notifier.app */;
			productType = "com.apple.product-type.application";
		};
/* End PBXNativeTarget section */

/* Begin PBXProject section */
		658103AC27304E2F00974AAF /* Project object */ = {
			isa = PBXProject;
			attributes = {
				BuildIndependentTargetsInParallel = 1;
				LastSwiftUpdateCheck = 1320;
				LastUpgradeCheck = 1320;
				TargetAttributes = {
					658103B327304E2F00974AAF = {
						CreatedOnToolsVersion = 13.1;
						LastSwiftMigration = 1320;
					};
				};
			};
			buildConfigurationList = 658103AF27304E2F00974AAF /* Build configuration list for PBXProject "RSS-Notifier" */;
			compatibilityVersion = "Xcode 13.0";
			developmentRegion = en;
			hasScannedForEncodings = 0;
			knownRegions = (
				en,
				Base,
			);
			mainGroup = 658103AB27304E2F00974AAF;
			packageReferences = (
				DA461FE42921439200E53008 /* XCRemoteSwiftPackageReference "Alamofire" */,
				DA461FE7292143EE00E53008 /* XCRemoteSwiftPackageReference "FaviconFinder" */,
			);
			productRefGroup = 658103AB27304E2F00974AAF;
			projectDirPath = "";
			projectRoot = "";
			targets = (
				658103B327304E2F00974AAF /* RSS-Notifier */,
			);
		};
/* End PBXProject section */

/* Begin PBXResourcesBuildPhase section */
		658103B227304E2F00974AAF /* Resources */ = {
			isa = PBXResourcesBuildPhase;
			buildActionMask = 2147483647;
			files = (
				658103BC27304E3100974AAF /* Assets.xcassets in Resources */,
				652039FA2789F4850027A7E3 /* OpenSans-Regular.ttf in Resources */,
				658103F72730546900974AAF /* Main.storyboard in Resources */,
			);
			runOnlyForDeploymentPostprocessing = 0;
		};
/* End PBXResourcesBuildPhase section */

/* Begin PBXSourcesBuildPhase section */
		658103B027304E2F00974AAF /* Sources */ = {
			isa = PBXSourcesBuildPhase;
			buildActionMask = 2147483647;
			files = (
				659E4E47278121EB002BBC6F /* Article.swift in Sources */,
				DAF3A6232961F52400D11F18 /* HelperFunc.swift in Sources */,
				659E4E4527810EED002BBC6F /* ImageHandler.swift in Sources */,
				651C8C58277A3EC200D491A0 /* Notifications.swift in Sources */,
				65DD272527333DD10057E47F /* RSSItem.swift in Sources */,
				65FE3B83273B56FA00F8FF74 /* AlamofireRSSParser.swift in Sources */,
				658103BA27304E2F00974AAF /* ViewController.swift in Sources */,
				651C8C5A277A460900D491A0 /* TitleFormatting.swift in Sources */,
				65621BBE2743070C00DE62C3 /* OPMLHandler.swift in Sources */,
				65B36E5E27B16771004EDD5A /* FileHandler.swift in Sources */,
				65DD272327333DD10057E47F /* RSSFeed.swift in Sources */,
				658103B827304E2F00974AAF /* AppDelegate.swift in Sources */,
				652039EF2789EAFD0027A7E3 /* ActionHandler.swift in Sources */,
				658103CA27304E8800974AAF /* ParserBase.swift in Sources */,
				65238A0227DBA5C9007320EC /* FontHandler.swift in Sources */,
			);
			runOnlyForDeploymentPostprocessing = 0;
		};
/* End PBXSourcesBuildPhase section */

/* Begin PBXVariantGroup section */
		658103F52730546900974AAF /* Main.storyboard */ = {
			isa = PBXVariantGroup;
			children = (
				658103F62730546900974AAF /* Base */,
			);
			name = Main.storyboard;
			sourceTree = "<group>";
		};
/* End PBXVariantGroup section */

/* Begin XCBuildConfiguration section */
		658103C127304E3100974AAF /* Debug */ = {
			isa = XCBuildConfiguration;
			buildSettings = {
				ALWAYS_SEARCH_USER_PATHS = NO;
				CLANG_ANALYZER_NONNULL = YES;
				CLANG_ANALYZER_NUMBER_OBJECT_CONVERSION = YES_AGGRESSIVE;
				CLANG_CXX_LANGUAGE_STANDARD = "gnu++17";
				CLANG_CXX_LIBRARY = "libc++";
				CLANG_ENABLE_MODULES = YES;
				CLANG_ENABLE_OBJC_ARC = YES;
				CLANG_ENABLE_OBJC_WEAK = YES;
				CLANG_WARN_BLOCK_CAPTURE_AUTORELEASING = YES;
				CLANG_WARN_BOOL_CONVERSION = YES;
				CLANG_WARN_COMMA = YES;
				CLANG_WARN_CONSTANT_CONVERSION = YES;
				CLANG_WARN_DEPRECATED_OBJC_IMPLEMENTATIONS = YES;
				CLANG_WARN_DIRECT_OBJC_ISA_USAGE = YES_ERROR;
				CLANG_WARN_DOCUMENTATION_COMMENTS = YES;
				CLANG_WARN_EMPTY_BODY = YES;
				CLANG_WARN_ENUM_CONVERSION = YES;
				CLANG_WARN_INFINITE_RECURSION = YES;
				CLANG_WARN_INT_CONVERSION = YES;
				CLANG_WARN_NON_LITERAL_NULL_CONVERSION = YES;
				CLANG_WARN_OBJC_IMPLICIT_RETAIN_SELF = YES;
				CLANG_WARN_OBJC_LITERAL_CONVERSION = YES;
				CLANG_WARN_OBJC_ROOT_CLASS = YES_ERROR;
				CLANG_WARN_QUOTED_INCLUDE_IN_FRAMEWORK_HEADER = YES;
				CLANG_WARN_RANGE_LOOP_ANALYSIS = YES;
				CLANG_WARN_STRICT_PROTOTYPES = YES;
				CLANG_WARN_SUSPICIOUS_MOVE = YES;
				CLANG_WARN_UNGUARDED_AVAILABILITY = YES_AGGRESSIVE;
				CLANG_WARN_UNREACHABLE_CODE = YES;
				CLANG_WARN__DUPLICATE_METHOD_MATCH = YES;
				COPY_PHASE_STRIP = NO;
				DEBUG_INFORMATION_FORMAT = dwarf;
				ENABLE_STRICT_OBJC_MSGSEND = YES;
				ENABLE_TESTABILITY = YES;
				GCC_C_LANGUAGE_STANDARD = gnu11;
				GCC_DYNAMIC_NO_PIC = NO;
				GCC_NO_COMMON_BLOCKS = YES;
				GCC_OPTIMIZATION_LEVEL = 0;
				GCC_PREPROCESSOR_DEFINITIONS = (
					"DEBUG=1",
					"$(inherited)",
				);
				GCC_WARN_64_TO_32_BIT_CONVERSION = YES;
				GCC_WARN_ABOUT_RETURN_TYPE = YES_ERROR;
				GCC_WARN_UNDECLARED_SELECTOR = YES;
				GCC_WARN_UNINITIALIZED_AUTOS = YES_AGGRESSIVE;
				GCC_WARN_UNUSED_FUNCTION = YES;
				GCC_WARN_UNUSED_VARIABLE = YES;
				MACOSX_DEPLOYMENT_TARGET = 12.0;
				MTL_ENABLE_DEBUG_INFO = INCLUDE_SOURCE;
				MTL_FAST_MATH = YES;
				ONLY_ACTIVE_ARCH = YES;
				SDKROOT = macosx;
				SWIFT_ACTIVE_COMPILATION_CONDITIONS = DEBUG;
				SWIFT_OPTIMIZATION_LEVEL = "-Onone";
			};
			name = Debug;
		};
		658103C227304E3100974AAF /* Release */ = {
			isa = XCBuildConfiguration;
			buildSettings = {
				ALWAYS_SEARCH_USER_PATHS = NO;
				CLANG_ANALYZER_NONNULL = YES;
				CLANG_ANALYZER_NUMBER_OBJECT_CONVERSION = YES_AGGRESSIVE;
				CLANG_CXX_LANGUAGE_STANDARD = "gnu++17";
				CLANG_CXX_LIBRARY = "libc++";
				CLANG_ENABLE_MODULES = YES;
				CLANG_ENABLE_OBJC_ARC = YES;
				CLANG_ENABLE_OBJC_WEAK = YES;
				CLANG_WARN_BLOCK_CAPTURE_AUTORELEASING = YES;
				CLANG_WARN_BOOL_CONVERSION = YES;
				CLANG_WARN_COMMA = YES;
				CLANG_WARN_CONSTANT_CONVERSION = YES;
				CLANG_WARN_DEPRECATED_OBJC_IMPLEMENTATIONS = YES;
				CLANG_WARN_DIRECT_OBJC_ISA_USAGE = YES_ERROR;
				CLANG_WARN_DOCUMENTATION_COMMENTS = YES;
				CLANG_WARN_EMPTY_BODY = YES;
				CLANG_WARN_ENUM_CONVERSION = YES;
				CLANG_WARN_INFINITE_RECURSION = YES;
				CLANG_WARN_INT_CONVERSION = YES;
				CLANG_WARN_NON_LITERAL_NULL_CONVERSION = YES;
				CLANG_WARN_OBJC_IMPLICIT_RETAIN_SELF = YES;
				CLANG_WARN_OBJC_LITERAL_CONVERSION = YES;
				CLANG_WARN_OBJC_ROOT_CLASS = YES_ERROR;
				CLANG_WARN_QUOTED_INCLUDE_IN_FRAMEWORK_HEADER = YES;
				CLANG_WARN_RANGE_LOOP_ANALYSIS = YES;
				CLANG_WARN_STRICT_PROTOTYPES = YES;
				CLANG_WARN_SUSPICIOUS_MOVE = YES;
				CLANG_WARN_UNGUARDED_AVAILABILITY = YES_AGGRESSIVE;
				CLANG_WARN_UNREACHABLE_CODE = YES;
				CLANG_WARN__DUPLICATE_METHOD_MATCH = YES;
				COPY_PHASE_STRIP = NO;
				DEBUG_INFORMATION_FORMAT = "dwarf-with-dsym";
				ENABLE_NS_ASSERTIONS = NO;
				ENABLE_STRICT_OBJC_MSGSEND = YES;
				GCC_C_LANGUAGE_STANDARD = gnu11;
				GCC_NO_COMMON_BLOCKS = YES;
				GCC_WARN_64_TO_32_BIT_CONVERSION = YES;
				GCC_WARN_ABOUT_RETURN_TYPE = YES_ERROR;
				GCC_WARN_UNDECLARED_SELECTOR = YES;
				GCC_WARN_UNINITIALIZED_AUTOS = YES_AGGRESSIVE;
				GCC_WARN_UNUSED_FUNCTION = YES;
				GCC_WARN_UNUSED_VARIABLE = YES;
				MACOSX_DEPLOYMENT_TARGET = 12.0;
				MTL_ENABLE_DEBUG_INFO = NO;
				MTL_FAST_MATH = YES;
				SDKROOT = macosx;
				SWIFT_COMPILATION_MODE = wholemodule;
				SWIFT_OPTIMIZATION_LEVEL = "-O";
			};
			name = Release;
		};
		658103C427304E3100974AAF /* Debug */ = {
			isa = XCBuildConfiguration;
			buildSettings = {
				ASSETCATALOG_COMPILER_APPICON_NAME = AppIcon;
				ASSETCATALOG_COMPILER_GLOBAL_ACCENT_COLOR_NAME = AccentColor;
				CLANG_ENABLE_MODULES = YES;
				CODE_SIGN_ENTITLEMENTS = "RSS-Notifier/RSS_Notifier.entitlements";
				CODE_SIGN_IDENTITY = "Apple Development";
				"CODE_SIGN_IDENTITY[sdk=macosx*]" = "-";
				CODE_SIGN_STYLE = Automatic;
				COMBINE_HIDPI_IMAGES = YES;
				CURRENT_PROJECT_VERSION = 1;
				DEVELOPMENT_TEAM = "";
				GENERATE_INFOPLIST_FILE = YES;
				INFOPLIST_FILE = "RSS-Notifier/Info.plist";
				INFOPLIST_KEY_NSHumanReadableCopyright = "";
				INFOPLIST_KEY_NSMainStoryboardFile = Main;
				INFOPLIST_KEY_NSPrincipalClass = NSApplication;
				LD_RUNPATH_SEARCH_PATHS = (
					"$(inherited)",
					"@executable_path/../Frameworks",
				);
				MARKETING_VERSION = 1.0;
				PRODUCT_BUNDLE_IDENTIFIER = "daniel.kastberg.RSS-Notifier";
				PRODUCT_NAME = "$(TARGET_NAME)";
				SWIFT_EMIT_LOC_STRINGS = YES;
				SWIFT_OBJC_BRIDGING_HEADER = "";
				SWIFT_OPTIMIZATION_LEVEL = "-Onone";
				SWIFT_VERSION = 5.0;
			};
			name = Debug;
		};
		658103C527304E3100974AAF /* Release */ = {
			isa = XCBuildConfiguration;
			buildSettings = {
				ASSETCATALOG_COMPILER_APPICON_NAME = AppIcon;
				ASSETCATALOG_COMPILER_GLOBAL_ACCENT_COLOR_NAME = AccentColor;
				CLANG_ENABLE_MODULES = YES;
				CODE_SIGN_ENTITLEMENTS = "RSS-Notifier/RSS_Notifier.entitlements";
				CODE_SIGN_IDENTITY = "Apple Development";
				"CODE_SIGN_IDENTITY[sdk=macosx*]" = "-";
				CODE_SIGN_STYLE = Automatic;
				COMBINE_HIDPI_IMAGES = YES;
				CURRENT_PROJECT_VERSION = 1;
				DEVELOPMENT_TEAM = "";
				GENERATE_INFOPLIST_FILE = YES;
				INFOPLIST_FILE = "RSS-Notifier/Info.plist";
				INFOPLIST_KEY_NSHumanReadableCopyright = "";
				INFOPLIST_KEY_NSMainStoryboardFile = Main;
				INFOPLIST_KEY_NSPrincipalClass = NSApplication;
				LD_RUNPATH_SEARCH_PATHS = (
					"$(inherited)",
					"@executable_path/../Frameworks",
				);
				MARKETING_VERSION = 1.0;
				PRODUCT_BUNDLE_IDENTIFIER = "daniel.kastberg.RSS-Notifier";
				PRODUCT_NAME = "$(TARGET_NAME)";
				SWIFT_EMIT_LOC_STRINGS = YES;
				SWIFT_OBJC_BRIDGING_HEADER = "";
				SWIFT_VERSION = 5.0;
			};
			name = Release;
		};
/* End XCBuildConfiguration section */

/* Begin XCConfigurationList section */
		658103AF27304E2F00974AAF /* Build configuration list for PBXProject "RSS-Notifier" */ = {
			isa = XCConfigurationList;
			buildConfigurations = (
				658103C127304E3100974AAF /* Debug */,
				658103C227304E3100974AAF /* Release */,
			);
			defaultConfigurationIsVisible = 0;
			defaultConfigurationName = Release;
		};
		658103C327304E3100974AAF /* Build configuration list for PBXNativeTarget "RSS-Notifier" */ = {
			isa = XCConfigurationList;
			buildConfigurations = (
				658103C427304E3100974AAF /* Debug */,
				658103C527304E3100974AAF /* Release */,
			);
			defaultConfigurationIsVisible = 0;
			defaultConfigurationName = Release;
		};
/* End XCConfigurationList section */

/* Begin XCRemoteSwiftPackageReference section */
		DA461FE42921439200E53008 /* XCRemoteSwiftPackageReference "Alamofire" */ = {
			isa = XCRemoteSwiftPackageReference;
			repositoryURL = "https://github.com/Alamofire/Alamofire/";
			requirement = {
				kind = upToNextMajorVersion;
				minimumVersion = 5.0.0;
			};
		};
		DA461FE7292143EE00E53008 /* XCRemoteSwiftPackageReference "FaviconFinder" */ = {
			isa = XCRemoteSwiftPackageReference;
			repositoryURL = "https://github.com/will-lumley/FaviconFinder";
			requirement = {
				kind = upToNextMajorVersion;
				minimumVersion = 4.0.0;
			};
		};
/* End XCRemoteSwiftPackageReference section */

/* Begin XCSwiftPackageProductDependency section */
		DA461FE52921439200E53008 /* Alamofire */ = {
			isa = XCSwiftPackageProductDependency;
			package = DA461FE42921439200E53008 /* XCRemoteSwiftPackageReference "Alamofire" */;
			productName = Alamofire;
		};
		DA461FE8292143EE00E53008 /* FaviconFinder */ = {
			isa = XCSwiftPackageProductDependency;
			package = DA461FE7292143EE00E53008 /* XCRemoteSwiftPackageReference "FaviconFinder" */;
			productName = FaviconFinder;
		};
/* End XCSwiftPackageProductDependency section */
	};
	rootObject = 658103AC27304E2F00974AAF /* Project object */;
}
