// !$*UTF8*$!
{
	archiveVersion = 1;
	classes = {
	};
	objectVersion = 55;
	objects = {

/* Begin PBXBuildFile section */
		6592F4EF272D75BA007907C8 /* ChannelParser.swift in Sources */ = {isa = PBXBuildFile; fileRef = 6592F4EE272D75BA007907C8 /* ChannelParser.swift */; };
		6592F4F1272D77EA007907C8 /* Item.swift in Sources */ = {isa = PBXBuildFile; fileRef = 6592F4F0272D77EA007907C8 /* Item.swift */; };
		6592F4F5272EE02C007907C8 /* ItemParser.swift in Sources */ = {isa = PBXBuildFile; fileRef = 6592F4F4272EE02C007907C8 /* ItemParser.swift */; };
		6592F4F7272EE0E3007907C8 /* ParserBase.swift in Sources */ = {isa = PBXBuildFile; fileRef = 6592F4F6272EE0E3007907C8 /* ParserBase.swift */; };
		6592F4F9272EF2B5007907C8 /* RSSReader.swift in Sources */ = {isa = PBXBuildFile; fileRef = 6592F4F8272EF2B5007907C8 /* RSSReader.swift */; };
		65FF4A9D272B3A8900BF82FD /* RSS_NotifierApp.swift in Sources */ = {isa = PBXBuildFile; fileRef = 65FF4A9C272B3A8900BF82FD /* RSS_NotifierApp.swift */; };
		65FF4A9F272B3A8900BF82FD /* ContentView.swift in Sources */ = {isa = PBXBuildFile; fileRef = 65FF4A9E272B3A8900BF82FD /* ContentView.swift */; };
		65FF4AA1272B3A8B00BF82FD /* Assets.xcassets in Resources */ = {isa = PBXBuildFile; fileRef = 65FF4AA0272B3A8B00BF82FD /* Assets.xcassets */; };
		65FF4AA4272B3A8B00BF82FD /* Preview Assets.xcassets in Resources */ = {isa = PBXBuildFile; fileRef = 65FF4AA3272B3A8B00BF82FD /* Preview Assets.xcassets */; };
/* End PBXBuildFile section */

/* Begin PBXFileReference section */
		6592F4EE272D75BA007907C8 /* ChannelParser.swift */ = {isa = PBXFileReference; lastKnownFileType = sourcecode.swift; path = ChannelParser.swift; sourceTree = "<group>"; };
		6592F4F0272D77EA007907C8 /* Item.swift */ = {isa = PBXFileReference; lastKnownFileType = sourcecode.swift; path = Item.swift; sourceTree = "<group>"; };
		6592F4F4272EE02C007907C8 /* ItemParser.swift */ = {isa = PBXFileReference; lastKnownFileType = sourcecode.swift; path = ItemParser.swift; sourceTree = "<group>"; };
		6592F4F6272EE0E3007907C8 /* ParserBase.swift */ = {isa = PBXFileReference; lastKnownFileType = sourcecode.swift; path = ParserBase.swift; sourceTree = "<group>"; };
		6592F4F8272EF2B5007907C8 /* RSSReader.swift */ = {isa = PBXFileReference; lastKnownFileType = sourcecode.swift; path = RSSReader.swift; sourceTree = "<group>"; };
		65FF4A99272B3A8900BF82FD /* RSS-Notifier.app */ = {isa = PBXFileReference; explicitFileType = wrapper.application; includeInIndex = 0; path = "RSS-Notifier.app"; sourceTree = BUILT_PRODUCTS_DIR; };
		65FF4A9C272B3A8900BF82FD /* RSS_NotifierApp.swift */ = {isa = PBXFileReference; lastKnownFileType = sourcecode.swift; path = RSS_NotifierApp.swift; sourceTree = "<group>"; };
		65FF4A9E272B3A8900BF82FD /* ContentView.swift */ = {isa = PBXFileReference; lastKnownFileType = sourcecode.swift; path = ContentView.swift; sourceTree = "<group>"; };
		65FF4AA0272B3A8B00BF82FD /* Assets.xcassets */ = {isa = PBXFileReference; lastKnownFileType = folder.assetcatalog; path = Assets.xcassets; sourceTree = "<group>"; };
		65FF4AA3272B3A8B00BF82FD /* Preview Assets.xcassets */ = {isa = PBXFileReference; lastKnownFileType = folder.assetcatalog; path = "Preview Assets.xcassets"; sourceTree = "<group>"; };
		65FF4AA5272B3A8B00BF82FD /* RSS_Notifier.entitlements */ = {isa = PBXFileReference; lastKnownFileType = text.plist.entitlements; path = RSS_Notifier.entitlements; sourceTree = "<group>"; };
/* End PBXFileReference section */

/* Begin PBXFrameworksBuildPhase section */
		65FF4A96272B3A8900BF82FD /* Frameworks */ = {
			isa = PBXFrameworksBuildPhase;
			buildActionMask = 2147483647;
			files = (
			);
			runOnlyForDeploymentPostprocessing = 0;
		};
/* End PBXFrameworksBuildPhase section */

/* Begin PBXGroup section */
		65FF4A90272B3A8900BF82FD = {
			isa = PBXGroup;
			children = (
				65FF4A9B272B3A8900BF82FD /* RSS-Notifier */,
				65FF4A9A272B3A8900BF82FD /* Products */,
			);
			sourceTree = "<group>";
		};
		65FF4A9A272B3A8900BF82FD /* Products */ = {
			isa = PBXGroup;
			children = (
				65FF4A99272B3A8900BF82FD /* RSS-Notifier.app */,
			);
			name = Products;
			sourceTree = "<group>";
		};
		65FF4A9B272B3A8900BF82FD /* RSS-Notifier */ = {
			isa = PBXGroup;
			children = (
				65FF4A9C272B3A8900BF82FD /* RSS_NotifierApp.swift */,
				65FF4A9E272B3A8900BF82FD /* ContentView.swift */,
				65FF4AA0272B3A8B00BF82FD /* Assets.xcassets */,
				65FF4AA5272B3A8B00BF82FD /* RSS_Notifier.entitlements */,
				65FF4AA2272B3A8B00BF82FD /* Preview Content */,
				6592F4EE272D75BA007907C8 /* ChannelParser.swift */,
				6592F4F0272D77EA007907C8 /* Item.swift */,
				6592F4F4272EE02C007907C8 /* ItemParser.swift */,
				6592F4F6272EE0E3007907C8 /* ParserBase.swift */,
				6592F4F8272EF2B5007907C8 /* RSSReader.swift */,
			);
			path = "RSS-Notifier";
			sourceTree = "<group>";
		};
		65FF4AA2272B3A8B00BF82FD /* Preview Content */ = {
			isa = PBXGroup;
			children = (
				65FF4AA3272B3A8B00BF82FD /* Preview Assets.xcassets */,
			);
			path = "Preview Content";
			sourceTree = "<group>";
		};
/* End PBXGroup section */

/* Begin PBXNativeTarget section */
		65FF4A98272B3A8900BF82FD /* RSS-Notifier */ = {
			isa = PBXNativeTarget;
			buildConfigurationList = 65FF4AA8272B3A8B00BF82FD /* Build configuration list for PBXNativeTarget "RSS-Notifier" */;
			buildPhases = (
				65FF4A95272B3A8900BF82FD /* Sources */,
				65FF4A96272B3A8900BF82FD /* Frameworks */,
				65FF4A97272B3A8900BF82FD /* Resources */,
			);
			buildRules = (
			);
			dependencies = (
			);
			name = "RSS-Notifier";
			productName = "RSS-Notifier";
			productReference = 65FF4A99272B3A8900BF82FD /* RSS-Notifier.app */;
			productType = "com.apple.product-type.application";
		};
/* End PBXNativeTarget section */

/* Begin PBXProject section */
		65FF4A91272B3A8900BF82FD /* Project object */ = {
			isa = PBXProject;
			attributes = {
				BuildIndependentTargetsInParallel = 1;
				LastSwiftUpdateCheck = 1310;
				LastUpgradeCheck = 1310;
				TargetAttributes = {
					65FF4A98272B3A8900BF82FD = {
						CreatedOnToolsVersion = 13.1;
					};
				};
			};
			buildConfigurationList = 65FF4A94272B3A8900BF82FD /* Build configuration list for PBXProject "RSS-Notifier" */;
			compatibilityVersion = "Xcode 13.0";
			developmentRegion = en;
			hasScannedForEncodings = 0;
			knownRegions = (
				en,
				Base,
			);
			mainGroup = 65FF4A90272B3A8900BF82FD;
			productRefGroup = 65FF4A9A272B3A8900BF82FD /* Products */;
			projectDirPath = "";
			projectRoot = "";
			targets = (
				65FF4A98272B3A8900BF82FD /* RSS-Notifier */,
			);
		};
/* End PBXProject section */

/* Begin PBXResourcesBuildPhase section */
		65FF4A97272B3A8900BF82FD /* Resources */ = {
			isa = PBXResourcesBuildPhase;
			buildActionMask = 2147483647;
			files = (
				65FF4AA4272B3A8B00BF82FD /* Preview Assets.xcassets in Resources */,
				65FF4AA1272B3A8B00BF82FD /* Assets.xcassets in Resources */,
			);
			runOnlyForDeploymentPostprocessing = 0;
		};
/* End PBXResourcesBuildPhase section */

/* Begin PBXSourcesBuildPhase section */
		65FF4A95272B3A8900BF82FD /* Sources */ = {
			isa = PBXSourcesBuildPhase;
			buildActionMask = 2147483647;
			files = (
				6592F4F5272EE02C007907C8 /* ItemParser.swift in Sources */,
				6592F4F9272EF2B5007907C8 /* RSSReader.swift in Sources */,
				65FF4A9F272B3A8900BF82FD /* ContentView.swift in Sources */,
				65FF4A9D272B3A8900BF82FD /* RSS_NotifierApp.swift in Sources */,
				6592F4EF272D75BA007907C8 /* ChannelParser.swift in Sources */,
				6592F4F1272D77EA007907C8 /* Item.swift in Sources */,
				6592F4F7272EE0E3007907C8 /* ParserBase.swift in Sources */,
			);
			runOnlyForDeploymentPostprocessing = 0;
		};
/* End PBXSourcesBuildPhase section */

/* Begin XCBuildConfiguration section */
		65FF4AA6272B3A8B00BF82FD /* Debug */ = {
			isa = XCBuildConfiguration;
			buildSettings = {
				ALWAYS_SEARCH_USER_PATHS = NO;
				CLANG_ANALYZER_NONNULL = YES;
				CLANG_ANALYZER_NUMBER_OBJECT_CONVERSION = YES_AGGRESSIVE;
				CLANG_CXX_LANGUAGE_STANDARD = "gnu++17";
				CLANG_CXX_LIBRARY = "libc++";
				CLANG_ENABLE_MODULES = YES;
				CLANG_ENABLE_OBJC_ARC = YES;
				CLANG_ENABLE_OBJC_WEAK = YES;
				CLANG_WARN_BLOCK_CAPTURE_AUTORELEASING = YES;
				CLANG_WARN_BOOL_CONVERSION = YES;
				CLANG_WARN_COMMA = YES;
				CLANG_WARN_CONSTANT_CONVERSION = YES;
				CLANG_WARN_DEPRECATED_OBJC_IMPLEMENTATIONS = YES;
				CLANG_WARN_DIRECT_OBJC_ISA_USAGE = YES_ERROR;
				CLANG_WARN_DOCUMENTATION_COMMENTS = YES;
				CLANG_WARN_EMPTY_BODY = YES;
				CLANG_WARN_ENUM_CONVERSION = YES;
				CLANG_WARN_INFINITE_RECURSION = YES;
				CLANG_WARN_INT_CONVERSION = YES;
				CLANG_WARN_NON_LITERAL_NULL_CONVERSION = YES;
				CLANG_WARN_OBJC_IMPLICIT_RETAIN_SELF = YES;
				CLANG_WARN_OBJC_LITERAL_CONVERSION = YES;
				CLANG_WARN_OBJC_ROOT_CLASS = YES_ERROR;
				CLANG_WARN_QUOTED_INCLUDE_IN_FRAMEWORK_HEADER = YES;
				CLANG_WARN_RANGE_LOOP_ANALYSIS = YES;
				CLANG_WARN_STRICT_PROTOTYPES = YES;
				CLANG_WARN_SUSPICIOUS_MOVE = YES;
				CLANG_WARN_UNGUARDED_AVAILABILITY = YES_AGGRESSIVE;
				CLANG_WARN_UNREACHABLE_CODE = YES;
				CLANG_WARN__DUPLICATE_METHOD_MATCH = YES;
				COPY_PHASE_STRIP = NO;
				DEBUG_INFORMATION_FORMAT = dwarf;
				ENABLE_STRICT_OBJC_MSGSEND = YES;
				ENABLE_TESTABILITY = YES;
				GCC_C_LANGUAGE_STANDARD = gnu11;
				GCC_DYNAMIC_NO_PIC = NO;
				GCC_NO_COMMON_BLOCKS = YES;
				GCC_OPTIMIZATION_LEVEL = 0;
				GCC_PREPROCESSOR_DEFINITIONS = (
					"DEBUG=1",
					"$(inherited)",
				);
				GCC_WARN_64_TO_32_BIT_CONVERSION = YES;
				GCC_WARN_ABOUT_RETURN_TYPE = YES_ERROR;
				GCC_WARN_UNDECLARED_SELECTOR = YES;
				GCC_WARN_UNINITIALIZED_AUTOS = YES_AGGRESSIVE;
				GCC_WARN_UNUSED_FUNCTION = YES;
				GCC_WARN_UNUSED_VARIABLE = YES;
				MACOSX_DEPLOYMENT_TARGET = 12.0;
				MTL_ENABLE_DEBUG_INFO = INCLUDE_SOURCE;
				MTL_FAST_MATH = YES;
				ONLY_ACTIVE_ARCH = YES;
				SDKROOT = macosx;
				SWIFT_ACTIVE_COMPILATION_CONDITIONS = DEBUG;
				SWIFT_OPTIMIZATION_LEVEL = "-Onone";
			};
			name = Debug;
		};
		65FF4AA7272B3A8B00BF82FD /* Release */ = {
			isa = XCBuildConfiguration;
			buildSettings = {
				ALWAYS_SEARCH_USER_PATHS = NO;
				CLANG_ANALYZER_NONNULL = YES;
				CLANG_ANALYZER_NUMBER_OBJECT_CONVERSION = YES_AGGRESSIVE;
				CLANG_CXX_LANGUAGE_STANDARD = "gnu++17";
				CLANG_CXX_LIBRARY = "libc++";
				CLANG_ENABLE_MODULES = YES;
				CLANG_ENABLE_OBJC_ARC = YES;
				CLANG_ENABLE_OBJC_WEAK = YES;
				CLANG_WARN_BLOCK_CAPTURE_AUTORELEASING = YES;
				CLANG_WARN_BOOL_CONVERSION = YES;
				CLANG_WARN_COMMA = YES;
				CLANG_WARN_CONSTANT_CONVERSION = YES;
				CLANG_WARN_DEPRECATED_OBJC_IMPLEMENTATIONS = YES;
				CLANG_WARN_DIRECT_OBJC_ISA_USAGE = YES_ERROR;
				CLANG_WARN_DOCUMENTATION_COMMENTS = YES;
				CLANG_WARN_EMPTY_BODY = YES;
				CLANG_WARN_ENUM_CONVERSION = YES;
				CLANG_WARN_INFINITE_RECURSION = YES;
				CLANG_WARN_INT_CONVERSION = YES;
				CLANG_WARN_NON_LITERAL_NULL_CONVERSION = YES;
				CLANG_WARN_OBJC_IMPLICIT_RETAIN_SELF = YES;
				CLANG_WARN_OBJC_LITERAL_CONVERSION = YES;
				CLANG_WARN_OBJC_ROOT_CLASS = YES_ERROR;
				CLANG_WARN_QUOTED_INCLUDE_IN_FRAMEWORK_HEADER = YES;
				CLANG_WARN_RANGE_LOOP_ANALYSIS = YES;
				CLANG_WARN_STRICT_PROTOTYPES = YES;
				CLANG_WARN_SUSPICIOUS_MOVE = YES;
				CLANG_WARN_UNGUARDED_AVAILABILITY = YES_AGGRESSIVE;
				CLANG_WARN_UNREACHABLE_CODE = YES;
				CLANG_WARN__DUPLICATE_METHOD_MATCH = YES;
				COPY_PHASE_STRIP = NO;
				DEBUG_INFORMATION_FORMAT = "dwarf-with-dsym";
				ENABLE_NS_ASSERTIONS = NO;
				ENABLE_STRICT_OBJC_MSGSEND = YES;
				GCC_C_LANGUAGE_STANDARD = gnu11;
				GCC_NO_COMMON_BLOCKS = YES;
				GCC_WARN_64_TO_32_BIT_CONVERSION = YES;
				GCC_WARN_ABOUT_RETURN_TYPE = YES_ERROR;
				GCC_WARN_UNDECLARED_SELECTOR = YES;
				GCC_WARN_UNINITIALIZED_AUTOS = YES_AGGRESSIVE;
				GCC_WARN_UNUSED_FUNCTION = YES;
				GCC_WARN_UNUSED_VARIABLE = YES;
				MACOSX_DEPLOYMENT_TARGET = 12.0;
				MTL_ENABLE_DEBUG_INFO = NO;
				MTL_FAST_MATH = YES;
				SDKROOT = macosx;
				SWIFT_COMPILATION_MODE = wholemodule;
				SWIFT_OPTIMIZATION_LEVEL = "-O";
			};
			name = Release;
		};
		65FF4AA9272B3A8B00BF82FD /* Debug */ = {
			isa = XCBuildConfiguration;
			buildSettings = {
				ASSETCATALOG_COMPILER_APPICON_NAME = AppIcon;
				ASSETCATALOG_COMPILER_GLOBAL_ACCENT_COLOR_NAME = AccentColor;
				CODE_SIGN_ENTITLEMENTS = "RSS-Notifier/RSS_Notifier.entitlements";
				CODE_SIGN_STYLE = Automatic;
				COMBINE_HIDPI_IMAGES = YES;
				CURRENT_PROJECT_VERSION = 1;
				DEVELOPMENT_ASSET_PATHS = "\"RSS-Notifier/Preview Content\"";
				ENABLE_PREVIEWS = YES;
				GENERATE_INFOPLIST_FILE = YES;
				INFOPLIST_KEY_NSHumanReadableCopyright = "";
				LD_RUNPATH_SEARCH_PATHS = (
					"$(inherited)",
					"@executable_path/../Frameworks",
				);
				MARKETING_VERSION = 1.0;
				PRODUCT_BUNDLE_IDENTIFIER = "daniel.kastberg.RSS-Notifier";
				PRODUCT_NAME = "$(TARGET_NAME)";
				SWIFT_EMIT_LOC_STRINGS = YES;
				SWIFT_VERSION = 5.0;
			};
			name = Debug;
		};
		65FF4AAA272B3A8B00BF82FD /* Release */ = {
			isa = XCBuildConfiguration;
			buildSettings = {
				ASSETCATALOG_COMPILER_APPICON_NAME = AppIcon;
				ASSETCATALOG_COMPILER_GLOBAL_ACCENT_COLOR_NAME = AccentColor;
				CODE_SIGN_ENTITLEMENTS = "RSS-Notifier/RSS_Notifier.entitlements";
				CODE_SIGN_STYLE = Automatic;
				COMBINE_HIDPI_IMAGES = YES;
				CURRENT_PROJECT_VERSION = 1;
				DEVELOPMENT_ASSET_PATHS = "\"RSS-Notifier/Preview Content\"";
				ENABLE_PREVIEWS = YES;
				GENERATE_INFOPLIST_FILE = YES;
				INFOPLIST_KEY_NSHumanReadableCopyright = "";
				LD_RUNPATH_SEARCH_PATHS = (
					"$(inherited)",
					"@executable_path/../Frameworks",
				);
				MARKETING_VERSION = 1.0;
				PRODUCT_BUNDLE_IDENTIFIER = "daniel.kastberg.RSS-Notifier";
				PRODUCT_NAME = "$(TARGET_NAME)";
				SWIFT_EMIT_LOC_STRINGS = YES;
				SWIFT_VERSION = 5.0;
			};
			name = Release;
		};
/* End XCBuildConfiguration section */

/* Begin XCConfigurationList section */
		65FF4A94272B3A8900BF82FD /* Build configuration list for PBXProject "RSS-Notifier" */ = {
			isa = XCConfigurationList;
			buildConfigurations = (
				65FF4AA6272B3A8B00BF82FD /* Debug */,
				65FF4AA7272B3A8B00BF82FD /* Release */,
			);
			defaultConfigurationIsVisible = 0;
			defaultConfigurationName = Release;
		};
		65FF4AA8272B3A8B00BF82FD /* Build configuration list for PBXNativeTarget "RSS-Notifier" */ = {
			isa = XCConfigurationList;
			buildConfigurations = (
				65FF4AA9272B3A8B00BF82FD /* Debug */,
				65FF4AAA272B3A8B00BF82FD /* Release */,
			);
			defaultConfigurationIsVisible = 0;
			defaultConfigurationName = Release;
		};
/* End XCConfigurationList section */
	};
	rootObject = 65FF4A91272B3A8900BF82FD /* Project object */;
}
